dependencies:
- name: traefikee
  repository: https://traefik.github.io/charts
  version: 1.6.0
- name: crossplane
  repository: https://charts.crossplane.io/stable
  version: 1.10.1
digest: sha256:b38a2287dbab958780441311c59ac58921dfa2cbbeb47a24d568f3291f5a185d
generated: "2022-12-13T13:05:58.284789231-06:00"
- name: cert-manager
  repository: https://charts.jetstack.io
  version: v1.10.1
- name: metrics-server
  repository: https://kubernetes-sigs.github.io/metrics-server/
  version: 3.8.3
digest: sha256:d73a746ee9d24ebf1c003cf287d8dc0ae4794ae9137994596525e58fbf03e347
generated: "2022-12-13T21:00:56.643151624-06:00"
