dependencies:
- name: traefikee
  repository: https://traefik.github.io/charts
  version: 1.6.0
- name: crossplane
  repository: https://charts.crossplane.io/stable
  version: 1.10.1
- name: external-secrets
  repository: https://charts.external-secrets.io/
  version: 0.7.0
- name: opentelemetry-operator
  repository: https://open-telemetry.github.io/opentelemetry-helm-charts
  version: 0.20.2
- name: cert-manager
  repository: https://charts.jetstack.io
  version: v1.10.1
- name: metrics-server
  repository: https://kubernetes-sigs.github.io/metrics-server/
  version: 3.8.3
digest: sha256:d73a746ee9d24ebf1c003cf287d8dc0ae4794ae9137994596525e58fbf03e347
generated: "2022-12-14T16:54:56.417514-06:00"
