dependencies:
- name: platform
  repository: file://../platform
  version: 0.1.0
- name: infrastructure-resources
  repository: file://../infrastructure-resources
  version: 0.1.0
- name: postgresql
  repository: https://charts.bitnami.com/bitnami
  version: 12.1.2
digest: sha256:e6874c7a85469ea5267a89074bca931988a5e5d6c83cac1bb37a59da3f66e563
generated: "2022-12-14T11:05:54.342466-08:00"
