dependencies:
- name: platform
  repository: file://../platform
  version: 0.1.0
- name: infrastructure-resources
  repository: file://../infrastructure-resources
  version: 0.1.0
digest: sha256:346d1aeaf9a5d61f74cdb91e5d8385879ced52bd6dd6566638890f95e645380e
generated: "2022-12-14T17:22:01.776863-06:00"
